# This file was autogenerated by Stack.
# You should not edit this file by hand.
# For more information, please see the documentation at:
#   https://docs.haskellstack.org/en/stable/lock_files

packages: []
snapshots:
- completed:
    size: 611690
    url: https://raw.githubusercontent.com/commercialhaskell/stackage-snapshots/master/nightly/2021/12/18.yaml
    sha256: d588b09b01c2b9ed1ea2880d70742f67c7ae775b3e032a44aa3beac8774fc99c
  original: nightly-2021-12-18
