# This file was autogenerated by Stack.
# You should not edit this file by hand.
# For more information, please see the documentation at:
#   https://docs.haskellstack.org/en/stable/lock_files

packages: []
snapshots:
- completed:
    size: 627259
    url: https://raw.githubusercontent.com/commercialhaskell/stackage-snapshots/master/nightly/2022/1/20.yaml
    sha256: 60864950db5b595ef3d30d7c45cd298aa63d3c606c3df1620f04c0e620697980
  original: nightly-2022-01-20
