# This file was autogenerated by Stack.
# You should not edit this file by hand.
# For more information, please see the documentation at:
#   https://docs.haskellstack.org/en/stable/lock_files

packages: []
snapshots:
- completed:
    size: 610194
    url: https://raw.githubusercontent.com/commercialhaskell/stackage-snapshots/master/nightly/2021/12/13.yaml
    sha256: 16890efbd61ff4108e3c284a6cdeb13d304b9dbc67e388e3e1bee212a6e893d8
  original: nightly-2021-12-13
