# This file was autogenerated by Stack.
# You should not edit this file by hand.
# For more information, please see the documentation at:
#   https://docs.haskellstack.org/en/stable/lock_files

packages: []
snapshots:
- completed:
    size: 627260
    url: https://raw.githubusercontent.com/commercialhaskell/stackage-snapshots/master/nightly/2022/1/19.yaml
    sha256: 6b52560ae4db1ac5595137c4618d9a5eda68661b5ddb3d9282c78f27344d7b49
  original: nightly-2022-01-19
