# This file was autogenerated by Stack.
# You should not edit this file by hand.
# For more information, please see the documentation at:
#   https://docs.haskellstack.org/en/stable/lock_files

packages: []
snapshots:
- completed:
    size: 631484
    url: https://raw.githubusercontent.com/commercialhaskell/stackage-snapshots/master/nightly/2022/1/26.yaml
    sha256: 8f2a135aab38dda8721b4e561fd5222ddb2f5fbccbbdd1b72f6cbc25e303e4b9
  original: nightly-2022-01-26
