# This file was autogenerated by Stack.
# You should not edit this file by hand.
# For more information, please see the documentation at:
#   https://docs.haskellstack.org/en/stable/lock_files

packages:
- completed:
    name: AhoCorasick
    version: 0.1.0
    git: https://github.com/DKurilo/AhoCorasick.git
    pantry-tree:
      size: 440
      sha256: 9689fb9189d02fdbed31e8045bd5c9d9f784539008668f6c710f41bcba9b3296
    commit: 593671b23d19a977c4677c74875b454a14da48c1
  original:
    git: https://github.com/DKurilo/AhoCorasick.git
    commit: 593671b23d19a977c4677c74875b454a14da48c1
snapshots:
- completed:
    size: 623654
    url: https://raw.githubusercontent.com/commercialhaskell/stackage-snapshots/master/nightly/2022/1/6.yaml
    sha256: efba441fbb0fff82c5be10ccda625e25b38f6673588ed5ddb8ef9239ec130d39
  original: nightly-2022-01-06
