# This file was autogenerated by Stack.
# You should not edit this file by hand.
# For more information, please see the documentation at:
#   https://docs.haskellstack.org/en/stable/lock_files

packages: []
snapshots:
- completed:
    size: 611690
    url: https://raw.githubusercontent.com/commercialhaskell/stackage-snapshots/master/nightly/2021/12/17.yaml
    sha256: 1015a49245191e13b0e9665c0ab327373b00d0a41e7c7113848939f84d80d353
  original: nightly-2021-12-17
