# This file was autogenerated by Stack.
# You should not edit this file by hand.
# For more information, please see the documentation at:
#   https://docs.haskellstack.org/en/stable/lock_files

packages: []
snapshots:
- completed:
    size: 609745
    url: https://raw.githubusercontent.com/commercialhaskell/stackage-snapshots/master/nightly/2021/12/6.yaml
    sha256: 194333e810b718d505ea378eb392dc4b93107eb09a4e01e1002e64d2725f51fa
  original: nightly-2021-12-06
