# This file was autogenerated by Stack.
# You should not edit this file by hand.
# For more information, please see the documentation at:
#   https://docs.haskellstack.org/en/stable/lock_files

packages: []
snapshots:
- completed:
    size: 631482
    url: https://raw.githubusercontent.com/commercialhaskell/stackage-snapshots/master/nightly/2022/1/23.yaml
    sha256: cb817d6007185f8c729b8c348f678a76c77972a9a254c95da56fb8243bf80e46
  original: nightly-2022-01-23
