# This file was autogenerated by Stack.
# You should not edit this file by hand.
# For more information, please see the documentation at:
#   https://docs.haskellstack.org/en/stable/lock_files

packages: []
snapshots:
- completed:
    size: 561608
    url: https://raw.githubusercontent.com/commercialhaskell/stackage-snapshots/master/nightly/2021/1/4.yaml
    sha256: 9e4955cc970d208fceb3a250a92535696d8463c39fa192df765552d61724266f
  original: nightly-2021-01-04
