# This file was autogenerated by Stack.
# You should not edit this file by hand.
# For more information, please see the documentation at:
#   https://docs.haskellstack.org/en/stable/lock_files

packages: []
snapshots:
- completed:
    size: 623212
    url: https://raw.githubusercontent.com/commercialhaskell/stackage-snapshots/master/nightly/2021/12/30.yaml
    sha256: 0efdbc8a7beb1f1f70f60dcbd203593fdd394fc01be8c5fb5181b2578bd4e00d
  original: nightly-2021-12-30
