# This file was autogenerated by Stack.
# You should not edit this file by hand.
# For more information, please see the documentation at:
#   https://docs.haskellstack.org/en/stable/lock_files

packages: []
snapshots:
- completed:
    size: 621062
    url: https://raw.githubusercontent.com/commercialhaskell/stackage-snapshots/master/nightly/2021/12/24.yaml
    sha256: 182a39fa42c08be6af2bf3b0bb8d6485ecd28585ad476bad4d2f3f964fdaf217
  original: nightly-2021-12-24
