# This file was autogenerated by Stack.
# You should not edit this file by hand.
# For more information, please see the documentation at:
#   https://docs.haskellstack.org/en/stable/lock_files

packages: []
snapshots:
- completed:
    size: 610195
    url: https://raw.githubusercontent.com/commercialhaskell/stackage-snapshots/master/nightly/2021/12/14.yaml
    sha256: 9204453d6ad4e89babc03dd2165f4239abc2bc25b0317949b0ef7803a5529aa3
  original: nightly-2021-12-14
