# This file was autogenerated by Stack.
# You should not edit this file by hand.
# For more information, please see the documentation at:
#   https://docs.haskellstack.org/en/stable/lock_files

packages: []
snapshots:
- completed:
    size: 560077
    url: https://raw.githubusercontent.com/commercialhaskell/stackage-snapshots/master/nightly/2021/1/3.yaml
    sha256: e680d24cd507f8c8659336a3c5d6fd87dc5a132a1eea1e8a053603249a17aa08
  original: nightly-2021-01-03
