# This file was autogenerated by Stack.
# You should not edit this file by hand.
# For more information, please see the documentation at:
#   https://docs.haskellstack.org/en/stable/lock_files

packages: []
snapshots:
- completed:
    sha256: 3419f38f5c1709962464f15decb6d0052c9285251f5768be251342fee4ff8972
    size: 647779
    url: https://raw.githubusercontent.com/commercialhaskell/stackage-snapshots/master/nightly/2022/11/7.yaml
  original: nightly-2022-11-07
