# This file was autogenerated by Stack.
# You should not edit this file by hand.
# For more information, please see the documentation at:
#   https://docs.haskellstack.org/en/stable/lock_files

packages: []
snapshots:
- completed:
    size: 611909
    url: https://raw.githubusercontent.com/commercialhaskell/stackage-snapshots/master/nightly/2021/12/19.yaml
    sha256: 389d227c255ff7c75a51650a47c9b46aee8caddd77125c7cf1c06ee34b0189b4
  original: nightly-2021-12-19
