# This file was autogenerated by Stack.
# You should not edit this file by hand.
# For more information, please see the documentation at:
#   https://docs.haskellstack.org/en/stable/lock_files

packages: []
snapshots:
- completed:
    size: 611906
    url: https://raw.githubusercontent.com/commercialhaskell/stackage-snapshots/master/nightly/2021/12/20.yaml
    sha256: 527ac3e01f724756d369f9aa7e62243dcd5cc431c91cac4bdf459155d7b477ae
  original: nightly-2021-12-20
