# This file was autogenerated by Stack.
# You should not edit this file by hand.
# For more information, please see the documentation at:
#   https://docs.haskellstack.org/en/stable/lock_files

packages: []
snapshots:
- completed:
    size: 609534
    url: https://raw.githubusercontent.com/commercialhaskell/stackage-snapshots/master/nightly/2021/12/8.yaml
    sha256: 4cdabfc8979b965a4d937356f316ae38d817a7a3fcbd35e1b125d73fb7045186
  original: nightly-2021-12-08
