# This file was autogenerated by Stack.
# You should not edit this file by hand.
# For more information, please see the documentation at:
#   https://docs.haskellstack.org/en/stable/lock_files

packages: []
snapshots:
- completed:
    size: 630192
    url: https://raw.githubusercontent.com/commercialhaskell/stackage-snapshots/master/nightly/2022/1/22.yaml
    sha256: ae06a0ca6a53765a59ad135cd9723730408e187930b194253d2863d1ba2d7140
  original: nightly-2022-01-22
